PODS:
  - Flutter (1.0.0)
  - flutter_native_env (0.0.1):
    - Flutter

DEPENDENCIES:
  - Flutter (from `Flutter`)
  - flutter_native_env (from `.symlinks/plugins/flutter_native_env/ios`)

EXTERNAL SOURCES:
  Flutter:
    :path: Flutter
  flutter_native_env:
    :path: ".symlinks/plugins/flutter_native_env/ios"

SPEC CHECKSUMS:
  Flutter: 0e3d915762c693b495b44d77113d4970485de6ec
  flutter_native_env: 49e628e2220849d52f79f5c3f58f08ce39177399

PODFILE CHECKSUM: aafe91acc616949ddb318b77800a7f51bffa2a4c

COCOAPODS: 1.10.1
